
Microsoft Visual Studio Solution File, Format Version 12.00
# Visual Studio Version 16
VisualStudioVersion = 16.0.30804.86
MinimumVisualStudioVersion = 10.0.40219.1
Project("{FAE04EC0-301F-11D3-BF4B-00C04F79EFBC}") = "Change", "Change.csproj", "{E570476B-97FB-492A-AE1A-4AE25D19779A}"
EndProject
Project("{FAE04EC0-301F-11D3-BF4B-00C04F79EFBC}") = "TestChange", "..\TestChange\TestChange.csproj", "{1C774D0B-6634-400E-ADC2-0E252DBC21F5}"
EndProject
Global
	GlobalSection(SolutionConfigurationPlatforms) = preSolution
		Debug|Any CPU = Debug|Any CPU
		Release|Any CPU = Release|Any CPU
	EndGlobalSection
	GlobalSection(ProjectConfigurationPlatforms) = postSolution
		{E570476B-97FB-492A-AE1A-4AE25D19779A}.Debug|Any CPU.ActiveCfg = Debug|Any CPU
		{E570476B-97FB-492A-AE1A-4AE25D19779A}.Debug|Any CPU.Build.0 = Debug|Any CPU
		{E570476B-97FB-492A-AE1A-4AE25D19779A}.Release|Any CPU.ActiveCfg = Release|Any CPU
		{E570476B-97FB-492A-AE1A-4AE25D19779A}.Release|Any CPU.Build.0 = Release|Any CPU
		{1C774D0B-6634-400E-ADC2-0E252DBC21F5}.Debug|Any CPU.ActiveCfg = Debug|Any CPU
		{1C774D0B-6634-400E-ADC2-0E252DBC21F5}.Debug|Any CPU.Build.0 = Debug|Any CPU
		{1C774D0B-6634-400E-ADC2-0E252DBC21F5}.Release|Any CPU.ActiveCfg = Release|Any CPU
		{1C774D0B-6634-400E-ADC2-0E252DBC21F5}.Release|Any CPU.Build.0 = Release|Any CPU
	EndGlobalSection
	GlobalSection(SolutionProperties) = preSolution
		HideSolutionNode = FALSE
	EndGlobalSection
	GlobalSection(ExtensibilityGlobals) = postSolution
		SolutionGuid = {FED7C17D-D2DD-4BA8-B6E8-9B8ED9FD0834}
	EndGlobalSection
EndGlobal
